
Microsoft Visual Studio Solution File, Format Version 12.00
# Visual Studio Version 17
VisualStudioVersion = 17.12.35521.163
MinimumVisualStudioVersion = 10.0.40219.1
Project("{8BC9CEB8-8B4A-11D0-8D11-00A0C91BC942}") = "ConsoleApplication2", "ConsoleApplication2\ConsoleApplication2.vcxproj", "{E84E6C20-9971-46BD-917C-BCECC6F4B65A}"
EndProject
Project("{8BC9CEB8-8B4A-11D0-8D11-00A0C91BC942}") = "Project1", "Project1\Project1.vcxproj", "{F6FA5F16-DAB6-45A0-89EB-2C6D057B439E}"
EndProject
Project("{8BC9CEB8-8B4A-11D0-8D11-00A0C91BC942}") = "Project2", "Project2\Project2.vcxproj", "{286EAC6C-7213-4302-BE04-749327FB3A5F}"
EndProject
Project("{8BC9CEB8-8B4A-11D0-8D11-00A0C91BC942}") = "Project3", "Project3\Project3.vcxproj", "{1193B13D-3D27-40D9-A068-0873BA3EF590}"
EndProject
Project("{8BC9CEB8-8B4A-11D0-8D11-00A0C91BC942}") = "Project4", "Project4\Project4.vcxproj", "{B9BCA976-B66A-40CB-9F7C-02D29566BD6C}"
EndProject
Project("{8BC9CEB8-8B4A-11D0-8D11-00A0C91BC942}") = "Project5", "Project5\Project5.vcxproj", "{6E2A7BB2-933D-48E9-AB3F-96E07329F027}"
EndProject
Project("{8BC9CEB8-8B4A-11D0-8D11-00A0C91BC942}") = "Project6", "Project6\Project6.vcxproj", "{C07F62D6-B23C-4C64-BB37-DD79C750CEAD}"
EndProject
Project("{8BC9CEB8-8B4A-11D0-8D11-00A0C91BC942}") = "Project7", "Project7\Project7.vcxproj", "{D3E49C82-A069-4009-8732-F979C9C75E3B}"
EndProject
Project("{8BC9CEB8-8B4A-11D0-8D11-00A0C91BC942}") = "Project8", "Project8\Project8.vcxproj", "{BCAD8282-5EA3-4427-9735-D38C5E7C3D16}"
EndProject
Global
	GlobalSection(SolutionConfigurationPlatforms) = preSolution
		Debug|x64 = Debug|x64
		Debug|x86 = Debug|x86
		Release|x64 = Release|x64
		Release|x86 = Release|x86
	EndGlobalSection
	GlobalSection(ProjectConfigurationPlatforms) = postSolution
		{E84E6C20-9971-46BD-917C-BCECC6F4B65A}.Debug|x64.ActiveCfg = Debug|x64
		{E84E6C20-9971-46BD-917C-BCECC6F4B65A}.Debug|x64.Build.0 = Debug|x64
		{E84E6C20-9971-46BD-917C-BCECC6F4B65A}.Debug|x86.ActiveCfg = Debug|Win32
		{E84E6C20-9971-46BD-917C-BCECC6F4B65A}.Debug|x86.Build.0 = Debug|Win32
		{E84E6C20-9971-46BD-917C-BCECC6F4B65A}.Release|x64.ActiveCfg = Release|x64
		{E84E6C20-9971-46BD-917C-BCECC6F4B65A}.Release|x64.Build.0 = Release|x64
		{E84E6C20-9971-46BD-917C-BCECC6F4B65A}.Release|x86.ActiveCfg = Release|Win32
		{E84E6C20-9971-46BD-917C-BCECC6F4B65A}.Release|x86.Build.0 = Release|Win32
		{F6FA5F16-DAB6-45A0-89EB-2C6D057B439E}.Debug|x64.ActiveCfg = Debug|x64
		{F6FA5F16-DAB6-45A0-89EB-2C6D057B439E}.Debug|x64.Build.0 = Debug|x64
		{F6FA5F16-DAB6-45A0-89EB-2C6D057B439E}.Debug|x86.ActiveCfg = Debug|Win32
		{F6FA5F16-DAB6-45A0-89EB-2C6D057B439E}.Debug|x86.Build.0 = Debug|Win32
		{F6FA5F16-DAB6-45A0-89EB-2C6D057B439E}.Release|x64.ActiveCfg = Release|x64
		{F6FA5F16-DAB6-45A0-89EB-2C6D057B439E}.Release|x64.Build.0 = Release|x64
		{F6FA5F16-DAB6-45A0-89EB-2C6D057B439E}.Release|x86.ActiveCfg = Release|Win32
		{F6FA5F16-DAB6-45A0-89EB-2C6D057B439E}.Release|x86.Build.0 = Release|Win32
		{286EAC6C-7213-4302-BE04-749327FB3A5F}.Debug|x64.ActiveCfg = Debug|x64
		{286EAC6C-7213-4302-BE04-749327FB3A5F}.Debug|x64.Build.0 = Debug|x64
		{286EAC6C-7213-4302-BE04-749327FB3A5F}.Debug|x86.ActiveCfg = Debug|Win32
		{286EAC6C-7213-4302-BE04-749327FB3A5F}.Debug|x86.Build.0 = Debug|Win32
		{286EAC6C-7213-4302-BE04-749327FB3A5F}.Release|x64.ActiveCfg = Release|x64
		{286EAC6C-7213-4302-BE04-749327FB3A5F}.Release|x64.Build.0 = Release|x64
		{286EAC6C-7213-4302-BE04-749327FB3A5F}.Release|x86.ActiveCfg = Release|Win32
		{286EAC6C-7213-4302-BE04-749327FB3A5F}.Release|x86.Build.0 = Release|Win32
		{1193B13D-3D27-40D9-A068-0873BA3EF590}.Debug|x64.ActiveCfg = Debug|x64
		{1193B13D-3D27-40D9-A068-0873BA3EF590}.Debug|x64.Build.0 = Debug|x64
		{1193B13D-3D27-40D9-A068-0873BA3EF590}.Debug|x86.ActiveCfg = Debug|Win32
		{1193B13D-3D27-40D9-A068-0873BA3EF590}.Debug|x86.Build.0 = Debug|Win32
		{1193B13D-3D27-40D9-A068-0873BA3EF590}.Release|x64.ActiveCfg = Release|x64
		{1193B13D-3D27-40D9-A068-0873BA3EF590}.Release|x64.Build.0 = Release|x64
		{1193B13D-3D27-40D9-A068-0873BA3EF590}.Release|x86.ActiveCfg = Release|Win32
		{1193B13D-3D27-40D9-A068-0873BA3EF590}.Release|x86.Build.0 = Release|Win32
		{B9BCA976-B66A-40CB-9F7C-02D29566BD6C}.Debug|x64.ActiveCfg = Debug|x64
		{B9BCA976-B66A-40CB-9F7C-02D29566BD6C}.Debug|x64.Build.0 = Debug|x64
		{B9BCA976-B66A-40CB-9F7C-02D29566BD6C}.Debug|x86.ActiveCfg = Debug|Win32
		{B9BCA976-B66A-40CB-9F7C-02D29566BD6C}.Debug|x86.Build.0 = Debug|Win32
		{B9BCA976-B66A-40CB-9F7C-02D29566BD6C}.Release|x64.ActiveCfg = Release|x64
		{B9BCA976-B66A-40CB-9F7C-02D29566BD6C}.Release|x64.Build.0 = Release|x64
		{B9BCA976-B66A-40CB-9F7C-02D29566BD6C}.Release|x86.ActiveCfg = Release|Win32
		{B9BCA976-B66A-40CB-9F7C-02D29566BD6C}.Release|x86.Build.0 = Release|Win32
		{6E2A7BB2-933D-48E9-AB3F-96E07329F027}.Debug|x64.ActiveCfg = Debug|x64
		{6E2A7BB2-933D-48E9-AB3F-96E07329F027}.Debug|x64.Build.0 = Debug|x64
		{6E2A7BB2-933D-48E9-AB3F-96E07329F027}.Debug|x86.ActiveCfg = Debug|Win32
		{6E2A7BB2-933D-48E9-AB3F-96E07329F027}.Debug|x86.Build.0 = Debug|Win32
		{6E2A7BB2-933D-48E9-AB3F-96E07329F027}.Release|x64.ActiveCfg = Release|x64
		{6E2A7BB2-933D-48E9-AB3F-96E07329F027}.Release|x64.Build.0 = Release|x64
		{6E2A7BB2-933D-48E9-AB3F-96E07329F027}.Release|x86.ActiveCfg = Release|Win32
		{6E2A7BB2-933D-48E9-AB3F-96E07329F027}.Release|x86.Build.0 = Release|Win32
		{C07F62D6-B23C-4C64-BB37-DD79C750CEAD}.Debug|x64.ActiveCfg = Debug|x64
		{C07F62D6-B23C-4C64-BB37-DD79C750CEAD}.Debug|x64.Build.0 = Debug|x64
		{C07F62D6-B23C-4C64-BB37-DD79C750CEAD}.Debug|x86.ActiveCfg = Debug|Win32
		{C07F62D6-B23C-4C64-BB37-DD79C750CEAD}.Debug|x86.Build.0 = Debug|Win32
		{C07F62D6-B23C-4C64-BB37-DD79C750CEAD}.Release|x64.ActiveCfg = Release|x64
		{C07F62D6-B23C-4C64-BB37-DD79C750CEAD}.Release|x64.Build.0 = Release|x64
		{C07F62D6-B23C-4C64-BB37-DD79C750CEAD}.Release|x86.ActiveCfg = Release|Win32
		{C07F62D6-B23C-4C64-BB37-DD79C750CEAD}.Release|x86.Build.0 = Release|Win32
		{D3E49C82-A069-4009-8732-F979C9C75E3B}.Debug|x64.ActiveCfg = Debug|x64
		{D3E49C82-A069-4009-8732-F979C9C75E3B}.Debug|x64.Build.0 = Debug|x64
		{D3E49C82-A069-4009-8732-F979C9C75E3B}.Debug|x86.ActiveCfg = Debug|Win32
		{D3E49C82-A069-4009-8732-F979C9C75E3B}.Debug|x86.Build.0 = Debug|Win32
		{D3E49C82-A069-4009-8732-F979C9C75E3B}.Release|x64.ActiveCfg = Release|x64
		{D3E49C82-A069-4009-8732-F979C9C75E3B}.Release|x64.Build.0 = Release|x64
		{D3E49C82-A069-4009-8732-F979C9C75E3B}.Release|x86.ActiveCfg = Release|Win32
		{D3E49C82-A069-4009-8732-F979C9C75E3B}.Release|x86.Build.0 = Release|Win32
		{BCAD8282-5EA3-4427-9735-D38C5E7C3D16}.Debug|x64.ActiveCfg = Debug|x64
		{BCAD8282-5EA3-4427-9735-D38C5E7C3D16}.Debug|x64.Build.0 = Debug|x64
		{BCAD8282-5EA3-4427-9735-D38C5E7C3D16}.Debug|x86.ActiveCfg = Debug|Win32
		{BCAD8282-5EA3-4427-9735-D38C5E7C3D16}.Debug|x86.Build.0 = Debug|Win32
		{BCAD8282-5EA3-4427-9735-D38C5E7C3D16}.Release|x64.ActiveCfg = Release|x64
		{BCAD8282-5EA3-4427-9735-D38C5E7C3D16}.Release|x64.Build.0 = Release|x64
		{BCAD8282-5EA3-4427-9735-D38C5E7C3D16}.Release|x86.ActiveCfg = Release|Win32
		{BCAD8282-5EA3-4427-9735-D38C5E7C3D16}.Release|x86.Build.0 = Release|Win32
	EndGlobalSection
	GlobalSection(SolutionProperties) = preSolution
		HideSolutionNode = FALSE
	EndGlobalSection
	GlobalSection(ExtensibilityGlobals) = postSolution
		SolutionGuid = {101FAF76-8147-49B5-950C-BDF24B630AC3}
	EndGlobalSection
EndGlobal
